// !$*UTF8*$!
{
	archiveVersion = 1;
	classes = {
	};
	objectVersion = 56;
	objects = {

/* Begin PBXBuildFile section */
		2B50BB832B5D6E43005D7454 /* OffsetKey.swift in Sources */ = {isa = PBXBuildFile; fileRef = 2B50BB822B5D6E43005D7454 /* OffsetKey.swift */; };
		2B50BB852B5D78D8005D7454 /* TaskRowView.swift in Sources */ = {isa = PBXBuildFile; fileRef = 2B50BB842B5D78D8005D7454 /* TaskRowView.swift */; };
		2B632A852B573AAF00348CA6 /* Calendar.swift in Sources */ = {isa = PBXBuildFile; fileRef = 2B632A842B573AAF00348CA6 /* Calendar.swift */; };
		2B84A5402B5D85E200FB0219 /* NewTaskView.swift in Sources */ = {isa = PBXBuildFile; fileRef = 2B84A53F2B5D85E200FB0219 /* NewTaskView.swift */; };
		2B84A5422B5D8E5900FB0219 /* TasksView.swift in Sources */ = {isa = PBXBuildFile; fileRef = 2B84A5412B5D8E5900FB0219 /* TasksView.swift */; };
		2BC9DF302B5D564B00B9446B /* Task.swift in Sources */ = {isa = PBXBuildFile; fileRef = 2BC9DF2F2B5D564B00B9446B /* Task.swift */; };
		2BC9DF332B5D568900B9446B /* View+Extensions.swift in Sources */ = {isa = PBXBuildFile; fileRef = 2BC9DF322B5D568900B9446B /* View+Extensions.swift */; };
		2BC9DF352B5D56A800B9446B /* Date+Extensions.swift in Sources */ = {isa = PBXBuildFile; fileRef = 2BC9DF342B5D56A800B9446B /* Date+Extensions.swift */; };
		2BC9DF3A2B5D575800B9446B /* Home.swift in Sources */ = {isa = PBXBuildFile; fileRef = 2BC9DF392B5D575800B9446B /* Home.swift */; };
		2BC9DF3C2B5D579900B9446B /* Contentview.swift in Sources */ = {isa = PBXBuildFile; fileRef = 2BC9DF3B2B5D579900B9446B /* Contentview.swift */; };
		2BEA7B212B583ED50013C43E /* ClockTry.swift in Sources */ = {isa = PBXBuildFile; fileRef = 2BEA7B202B583ED50013C43E /* ClockTry.swift */; };
		2BEA7B252B5847D00013C43E /* ClockStopwatchCountdownView.swift in Sources */ = {isa = PBXBuildFile; fileRef = 2BEA7B242B5847D00013C43E /* ClockStopwatchCountdownView.swift */; };
		F23EFF902B2A5C9400C2FDD5 /* Icons.swift in Sources */ = {isa = PBXBuildFile; fileRef = F23EFF8F2B2A5C9400C2FDD5 /* Icons.swift */; };
		F26F10F32AE1B3CB0068B998 /* HandWritingDemoRegular.ttf in Resources */ = {isa = PBXBuildFile; fileRef = F26F10F22AE1B3CB0068B998 /* HandWritingDemoRegular.ttf */; };
		F26F10F62AE1C9420068B998 /* Mardi Gras.otf in Resources */ = {isa = PBXBuildFile; fileRef = F26F10F52AE1C9420068B998 /* Mardi Gras.otf */; };
		F26F10F82AE1C94A0068B998 /* Sunlight.otf in Resources */ = {isa = PBXBuildFile; fileRef = F26F10F72AE1C94A0068B998 /* Sunlight.otf */; };
		F26F10FB2AE1CA2A0068B998 /* Big Movie.otf in Resources */ = {isa = PBXBuildFile; fileRef = F26F10F92AE1CA290068B998 /* Big Movie.otf */; };
		F26F10FC2AE1CA2A0068B998 /* Hedgehog.otf in Resources */ = {isa = PBXBuildFile; fileRef = F26F10FA2AE1CA290068B998 /* Hedgehog.otf */; };
		F281910F2B2CCE0D00EBAE38 /* SideMenu.swift in Sources */ = {isa = PBXBuildFile; fileRef = F281910E2B2CCE0D00EBAE38 /* SideMenu.swift */; };
		F28191112B2CCF0500EBAE38 /* NavigationBar.swift in Sources */ = {isa = PBXBuildFile; fileRef = F28191102B2CCF0500EBAE38 /* NavigationBar.swift */; };
		F284335D2B55DF160072EBE6 /* ChangeUserData-option.swift in Sources */ = {isa = PBXBuildFile; fileRef = F284335C2B55DF160072EBE6 /* ChangeUserData-option.swift */; };
		F2A53EC82B2B4C6600AE0C27 /* Korisnik.swift in Sources */ = {isa = PBXBuildFile; fileRef = F2A53EC72B2B4C6600AE0C27 /* Korisnik.swift */; };
		F2BA0ABB2B2896AB00631DB9 /* PostRequest.swift in Sources */ = {isa = PBXBuildFile; fileRef = F2BA0ABA2B2896AB00631DB9 /* PostRequest.swift */; };
		F2BD09A22AE3276F0047FB67 /* Study.swift in Sources */ = {isa = PBXBuildFile; fileRef = F2BD09A12AE3276F0047FB67 /* Study.swift */; };
		F2BD09A42AE327820047FB67 /* Work.swift in Sources */ = {isa = PBXBuildFile; fileRef = F2BD09A32AE327820047FB67 /* Work.swift */; };
		F2BD09A62AE327900047FB67 /* Workout.swift in Sources */ = {isa = PBXBuildFile; fileRef = F2BD09A52AE327900047FB67 /* Workout.swift */; };
		F2BD09A82AE32A340047FB67 /* Background2.swift in Sources */ = {isa = PBXBuildFile; fileRef = F2BD09A72AE32A340047FB67 /* Background2.swift */; };
		F2BE50C72B55EFEC00EBE14B /* ChangeName.swift in Sources */ = {isa = PBXBuildFile; fileRef = F2BE50C62B55EFEC00EBE14B /* ChangeName.swift */; };
		F2BE50C92B55F04200EBE14B /* ChangePassword.swift in Sources */ = {isa = PBXBuildFile; fileRef = F2BE50C82B55F04200EBE14B /* ChangePassword.swift */; };
		F2BE50CB2B55FA4000EBE14B /* ChangeUsername.swift in Sources */ = {isa = PBXBuildFile; fileRef = F2BE50CA2B55FA4000EBE14B /* ChangeUsername.swift */; };
		F2BE50CD2B55FC6B00EBE14B /* ChangeSurname.swift in Sources */ = {isa = PBXBuildFile; fileRef = F2BE50CC2B55FC6B00EBE14B /* ChangeSurname.swift */; };
		F2C1AD7F2B2E45280056F80E /* SettingsView.swift in Sources */ = {isa = PBXBuildFile; fileRef = F2C1AD7E2B2E45280056F80E /* SettingsView.swift */; };
		F2D435992B2BBE1200335DB7 /* LobsterTwo-BoldItalic.ttf in Resources */ = {isa = PBXBuildFile; fileRef = F2D435952B2BBE1200335DB7 /* LobsterTwo-BoldItalic.ttf */; };
		F2D4359A2B2BBE1200335DB7 /* LobsterTwo-Bold.ttf in Resources */ = {isa = PBXBuildFile; fileRef = F2D435962B2BBE1200335DB7 /* LobsterTwo-Bold.ttf */; };
		F2D4359B2B2BBE1200335DB7 /* LobsterTwo-Regular.ttf in Resources */ = {isa = PBXBuildFile; fileRef = F2D435972B2BBE1200335DB7 /* LobsterTwo-Regular.ttf */; };
		F2D4359C2B2BBE1200335DB7 /* LobsterTwo-Italic.ttf in Resources */ = {isa = PBXBuildFile; fileRef = F2D435982B2BBE1200335DB7 /* LobsterTwo-Italic.ttf */; };
		F2D435A02B2BC13B00335DB7 /* Katibeh-Regular.ttf in Resources */ = {isa = PBXBuildFile; fileRef = F2D4359F2B2BC13B00335DB7 /* Katibeh-Regular.ttf */; };
		F2D435A22B2BC21E00335DB7 /* Nosifer-Regular.ttf in Resources */ = {isa = PBXBuildFile; fileRef = F2D435A12B2BC21E00335DB7 /* Nosifer-Regular.ttf */; };
		F2D8FAE52AE04F03006997F3 /* BeBetterApp.swift in Sources */ = {isa = PBXBuildFile; fileRef = F2D8FAE42AE04F03006997F3 /* BeBetterApp.swift */; };
		F2D8FAE92AE04F05006997F3 /* Assets.xcassets in Resources */ = {isa = PBXBuildFile; fileRef = F2D8FAE82AE04F05006997F3 /* Assets.xcassets */; };
		F2D8FAEC2AE04F05006997F3 /* Preview Assets.xcassets in Resources */ = {isa = PBXBuildFile; fileRef = F2D8FAEB2AE04F05006997F3 /* Preview Assets.xcassets */; };
		F2D8FAF42AE04F3C006997F3 /* Background.swift in Sources */ = {isa = PBXBuildFile; fileRef = F2D8FAF22AE04F3C006997F3 /* Background.swift */; };
		F2D8FAF52AE04F3C006997F3 /* Foreground.swift in Sources */ = {isa = PBXBuildFile; fileRef = F2D8FAF32AE04F3C006997F3 /* Foreground.swift */; };
		F2D8FAF72AE05069006997F3 /* Register_screen.swift in Sources */ = {isa = PBXBuildFile; fileRef = F2D8FAF62AE05069006997F3 /* Register_screen.swift */; };
		F2D8FAF92AE05586006997F3 /* MainView.swift in Sources */ = {isa = PBXBuildFile; fileRef = F2D8FAF82AE05586006997F3 /* MainView.swift */; };
		F2D8FB022AE06A23006997F3 /* Login.swift in Sources */ = {isa = PBXBuildFile; fileRef = F2D8FB012AE06A23006997F3 /* Login.swift */; };
/* End PBXBuildFile section */

/* Begin PBXFileReference section */
		2B50BB822B5D6E43005D7454 /* OffsetKey.swift */ = {isa = PBXFileReference; lastKnownFileType = sourcecode.swift; path = OffsetKey.swift; sourceTree = "<group>"; };
		2B50BB842B5D78D8005D7454 /* TaskRowView.swift */ = {isa = PBXFileReference; lastKnownFileType = sourcecode.swift; path = TaskRowView.swift; sourceTree = "<group>"; };
		2B632A842B573AAF00348CA6 /* Calendar.swift */ = {isa = PBXFileReference; lastKnownFileType = sourcecode.swift; path = Calendar.swift; sourceTree = "<group>"; };
		2B84A53F2B5D85E200FB0219 /* NewTaskView.swift */ = {isa = PBXFileReference; lastKnownFileType = sourcecode.swift; path = NewTaskView.swift; sourceTree = "<group>"; };
		2B84A5412B5D8E5900FB0219 /* TasksView.swift */ = {isa = PBXFileReference; lastKnownFileType = sourcecode.swift; path = TasksView.swift; sourceTree = "<group>"; };
		2BC9DF2F2B5D564B00B9446B /* Task.swift */ = {isa = PBXFileReference; lastKnownFileType = sourcecode.swift; path = Task.swift; sourceTree = "<group>"; };
		2BC9DF322B5D568900B9446B /* View+Extensions.swift */ = {isa = PBXFileReference; lastKnownFileType = sourcecode.swift; path = "View+Extensions.swift"; sourceTree = "<group>"; };
		2BC9DF342B5D56A800B9446B /* Date+Extensions.swift */ = {isa = PBXFileReference; lastKnownFileType = sourcecode.swift; path = "Date+Extensions.swift"; sourceTree = "<group>"; };
		2BC9DF392B5D575800B9446B /* Home.swift */ = {isa = PBXFileReference; lastKnownFileType = sourcecode.swift; path = Home.swift; sourceTree = "<group>"; };
		2BC9DF3B2B5D579900B9446B /* Contentview.swift */ = {isa = PBXFileReference; lastKnownFileType = sourcecode.swift; path = Contentview.swift; sourceTree = "<group>"; };
		2BEA7B202B583ED50013C43E /* ClockTry.swift */ = {isa = PBXFileReference; lastKnownFileType = sourcecode.swift; path = ClockTry.swift; sourceTree = "<group>"; };
		2BEA7B242B5847D00013C43E /* ClockStopwatchCountdownView.swift */ = {isa = PBXFileReference; lastKnownFileType = sourcecode.swift; path = ClockStopwatchCountdownView.swift; sourceTree = "<group>"; };
		F23BD0572B1BAB080029B4FC /* lib */ = {isa = PBXFileReference; lastKnownFileType = folder; name = lib; path = ../../../../../opt/homebrew/Cellar/libpq/16.1/lib; sourceTree = "<group>"; };
		F23BD0592B1BAB940029B4FC /* libecpg.a */ = {isa = PBXFileReference; lastKnownFileType = archive.ar; name = libecpg.a; path = ../../../../../opt/homebrew/Cellar/libpq/16.1/lib/libecpg.a; sourceTree = "<group>"; };
		F23BD05A2B1BAB940029B4FC /* libpgtypes.a */ = {isa = PBXFileReference; lastKnownFileType = archive.ar; name = libpgtypes.a; path = ../../../../../opt/homebrew/Cellar/libpq/16.1/lib/libpgtypes.a; sourceTree = "<group>"; };
		F23BD05B2B1BAB940029B4FC /* libpq.a */ = {isa = PBXFileReference; lastKnownFileType = archive.ar; name = libpq.a; path = ../../../../../opt/homebrew/Cellar/libpq/16.1/lib/libpq.a; sourceTree = "<group>"; };
		F23BD05C2B1BAB940029B4FC /* libecpg_compat.a */ = {isa = PBXFileReference; lastKnownFileType = archive.ar; name = libecpg_compat.a; path = ../../../../../opt/homebrew/Cellar/libpq/16.1/lib/libecpg_compat.a; sourceTree = "<group>"; };
		F23BD05D2B1BAB940029B4FC /* libpgcommon.a */ = {isa = PBXFileReference; lastKnownFileType = archive.ar; name = libpgcommon.a; path = ../../../../../opt/homebrew/Cellar/libpq/16.1/lib/libpgcommon.a; sourceTree = "<group>"; };
		F23BD05E2B1BAB940029B4FC /* libpgport.a */ = {isa = PBXFileReference; lastKnownFileType = archive.ar; name = libpgport.a; path = ../../../../../opt/homebrew/Cellar/libpq/16.1/lib/libpgport.a; sourceTree = "<group>"; };
		F23BD05F2B1BAB940029B4FC /* libpgport_shlib.a */ = {isa = PBXFileReference; lastKnownFileType = archive.ar; name = libpgport_shlib.a; path = ../../../../../opt/homebrew/Cellar/libpq/16.1/lib/libpgport_shlib.a; sourceTree = "<group>"; };
		F23BD0602B1BAB940029B4FC /* libpgcommon_shlib.a */ = {isa = PBXFileReference; lastKnownFileType = archive.ar; name = libpgcommon_shlib.a; path = ../../../../../opt/homebrew/Cellar/libpq/16.1/lib/libpgcommon_shlib.a; sourceTree = "<group>"; };
		F23BD06D2B1BF33E0029B4FC /* psql */ = {isa = PBXFileReference; lastKnownFileType = "compiled.mach-o.executable"; name = psql; path = ../../../../../opt/homebrew/Cellar/libpq/16.1/bin/psql; sourceTree = "<group>"; };
		F23BD0702B1BF3580029B4FC /* pg_rewind */ = {isa = PBXFileReference; lastKnownFileType = "compiled.mach-o.executable"; path = pg_rewind; sourceTree = "<group>"; };
		F23BD0712B1BF3580029B4FC /* ecpg */ = {isa = PBXFileReference; lastKnownFileType = "compiled.mach-o.executable"; path = ecpg; sourceTree = "<group>"; };
		F23BD0722B1BF3580029B4FC /* pg_basebackup */ = {isa = PBXFileReference; lastKnownFileType = "compiled.mach-o.executable"; path = pg_basebackup; sourceTree = "<group>"; };
		F23BD0732B1BF3580029B4FC /* pg_restore */ = {isa = PBXFileReference; lastKnownFileType = "compiled.mach-o.executable"; path = pg_restore; sourceTree = "<group>"; };
		F23BD0742B1BF3580029B4FC /* pg_isready */ = {isa = PBXFileReference; lastKnownFileType = "compiled.mach-o.executable"; path = pg_isready; sourceTree = "<group>"; };
		F23BD0752B1BF3580029B4FC /* createuser */ = {isa = PBXFileReference; lastKnownFileType = "compiled.mach-o.executable"; path = createuser; sourceTree = "<group>"; };
		F23BD0762B1BF3580029B4FC /* pg_config */ = {isa = PBXFileReference; lastKnownFileType = "compiled.mach-o.executable"; path = pg_config; sourceTree = "<group>"; };
		F23BD0772B1BF3580029B4FC /* pg_dumpall */ = {isa = PBXFileReference; lastKnownFileType = "compiled.mach-o.executable"; path = pg_dumpall; sourceTree = "<group>"; };
		F23BD0782B1BF3580029B4FC /* pg_test_fsync */ = {isa = PBXFileReference; lastKnownFileType = "compiled.mach-o.executable"; path = pg_test_fsync; sourceTree = "<group>"; };
		F23BD0792B1BF3580029B4FC /* initdb */ = {isa = PBXFileReference; lastKnownFileType = "compiled.mach-o.executable"; path = initdb; sourceTree = "<group>"; };
		F23BD07A2B1BF3580029B4FC /* pg_waldump */ = {isa = PBXFileReference; lastKnownFileType = "compiled.mach-o.executable"; path = pg_waldump; sourceTree = "<group>"; };
		F23BD07B2B1BF3580029B4FC /* createdb */ = {isa = PBXFileReference; lastKnownFileType = "compiled.mach-o.executable"; path = createdb; sourceTree = "<group>"; };
		F23BD07C2B1BF3580029B4FC /* reindexdb */ = {isa = PBXFileReference; lastKnownFileType = "compiled.mach-o.executable"; path = reindexdb; sourceTree = "<group>"; };
		F23BD07D2B1BF3580029B4FC /* pg_verifybackup */ = {isa = PBXFileReference; lastKnownFileType = "compiled.mach-o.executable"; path = pg_verifybackup; sourceTree = "<group>"; };
		F23BD07E2B1BF3580029B4FC /* pg_receivewal */ = {isa = PBXFileReference; lastKnownFileType = "compiled.mach-o.executable"; path = pg_receivewal; sourceTree = "<group>"; };
		F23BD07F2B1BF3580029B4FC /* pg_amcheck */ = {isa = PBXFileReference; lastKnownFileType = "compiled.mach-o.executable"; path = pg_amcheck; sourceTree = "<group>"; };
		F23BD0802B1BF3580029B4FC /* dropdb */ = {isa = PBXFileReference; lastKnownFileType = "compiled.mach-o.executable"; path = dropdb; sourceTree = "<group>"; };
		F23BD0812B1BF3580029B4FC /* psql */ = {isa = PBXFileReference; lastKnownFileType = "compiled.mach-o.executable"; path = psql; sourceTree = "<group>"; };
		F23BD0822B1BF3580029B4FC /* pg_checksums */ = {isa = PBXFileReference; lastKnownFileType = "compiled.mach-o.executable"; path = pg_checksums; sourceTree = "<group>"; };
		F23BD0832B1BF3580029B4FC /* clusterdb */ = {isa = PBXFileReference; lastKnownFileType = "compiled.mach-o.executable"; path = clusterdb; sourceTree = "<group>"; };
		F23BD0842B1BF3580029B4FC /* pg_archivecleanup */ = {isa = PBXFileReference; lastKnownFileType = "compiled.mach-o.executable"; path = pg_archivecleanup; sourceTree = "<group>"; };
		F23BD0852B1BF3580029B4FC /* dropuser */ = {isa = PBXFileReference; lastKnownFileType = "compiled.mach-o.executable"; path = dropuser; sourceTree = "<group>"; };
		F23BD0862B1BF3580029B4FC /* pg_controldata */ = {isa = PBXFileReference; lastKnownFileType = "compiled.mach-o.executable"; path = pg_controldata; sourceTree = "<group>"; };
		F23BD0872B1BF3580029B4FC /* pg_recvlogical */ = {isa = PBXFileReference; lastKnownFileType = "compiled.mach-o.executable"; path = pg_recvlogical; sourceTree = "<group>"; };
		F23BD0882B1BF3580029B4FC /* pg_test_timing */ = {isa = PBXFileReference; lastKnownFileType = "compiled.mach-o.executable"; path = pg_test_timing; sourceTree = "<group>"; };
		F23BD0892B1BF3580029B4FC /* pg_upgrade */ = {isa = PBXFileReference; lastKnownFileType = "compiled.mach-o.executable"; path = pg_upgrade; sourceTree = "<group>"; };
		F23BD08A2B1BF3580029B4FC /* pg_ctl */ = {isa = PBXFileReference; lastKnownFileType = "compiled.mach-o.executable"; path = pg_ctl; sourceTree = "<group>"; };
		F23BD08B2B1BF3580029B4FC /* vacuumdb */ = {isa = PBXFileReference; lastKnownFileType = "compiled.mach-o.executable"; path = vacuumdb; sourceTree = "<group>"; };
		F23BD08C2B1BF3580029B4FC /* pgbench */ = {isa = PBXFileReference; lastKnownFileType = "compiled.mach-o.executable"; path = pgbench; sourceTree = "<group>"; };
		F23BD08D2B1BF3580029B4FC /* pg_resetwal */ = {isa = PBXFileReference; lastKnownFileType = "compiled.mach-o.executable"; path = pg_resetwal; sourceTree = "<group>"; };
		F23BD08E2B1BF3580029B4FC /* pg_dump */ = {isa = PBXFileReference; lastKnownFileType = "compiled.mach-o.executable"; path = pg_dump; sourceTree = "<group>"; };
		F23BD0902B1BF3610029B4FC /* pg_rewind */ = {isa = PBXFileReference; lastKnownFileType = "compiled.mach-o.executable"; path = pg_rewind; sourceTree = "<group>"; };
		F23BD0912B1BF3610029B4FC /* ecpg */ = {isa = PBXFileReference; lastKnownFileType = "compiled.mach-o.executable"; path = ecpg; sourceTree = "<group>"; };
		F23BD0922B1BF3610029B4FC /* pg_basebackup */ = {isa = PBXFileReference; lastKnownFileType = "compiled.mach-o.executable"; path = pg_basebackup; sourceTree = "<group>"; };
		F23BD0932B1BF3610029B4FC /* pg_restore */ = {isa = PBXFileReference; lastKnownFileType = "compiled.mach-o.executable"; path = pg_restore; sourceTree = "<group>"; };
		F23BD0942B1BF3610029B4FC /* pg_isready */ = {isa = PBXFileReference; lastKnownFileType = "compiled.mach-o.executable"; path = pg_isready; sourceTree = "<group>"; };
		F23BD0952B1BF3610029B4FC /* createuser */ = {isa = PBXFileReference; lastKnownFileType = "compiled.mach-o.executable"; path = createuser; sourceTree = "<group>"; };
		F23BD0962B1BF3610029B4FC /* pg_config */ = {isa = PBXFileReference; lastKnownFileType = "compiled.mach-o.executable"; path = pg_config; sourceTree = "<group>"; };
		F23BD0972B1BF3610029B4FC /* pg_dumpall */ = {isa = PBXFileReference; lastKnownFileType = "compiled.mach-o.executable"; path = pg_dumpall; sourceTree = "<group>"; };
		F23BD0982B1BF3610029B4FC /* pg_test_fsync */ = {isa = PBXFileReference; lastKnownFileType = "compiled.mach-o.executable"; path = pg_test_fsync; sourceTree = "<group>"; };
		F23BD0992B1BF3610029B4FC /* initdb */ = {isa = PBXFileReference; lastKnownFileType = "compiled.mach-o.executable"; path = initdb; sourceTree = "<group>"; };
		F23BD09A2B1BF3610029B4FC /* pg_waldump */ = {isa = PBXFileReference; lastKnownFileType = "compiled.mach-o.executable"; path = pg_waldump; sourceTree = "<group>"; };
		F23BD09B2B1BF3610029B4FC /* createdb */ = {isa = PBXFileReference; lastKnownFileType = "compiled.mach-o.executable"; path = createdb; sourceTree = "<group>"; };
		F23BD09C2B1BF3610029B4FC /* reindexdb */ = {isa = PBXFileReference; lastKnownFileType = "compiled.mach-o.executable"; path = reindexdb; sourceTree = "<group>"; };
		F23BD09D2B1BF3610029B4FC /* pg_verifybackup */ = {isa = PBXFileReference; lastKnownFileType = "compiled.mach-o.executable"; path = pg_verifybackup; sourceTree = "<group>"; };
		F23BD09E2B1BF3610029B4FC /* pg_receivewal */ = {isa = PBXFileReference; lastKnownFileType = "compiled.mach-o.executable"; path = pg_receivewal; sourceTree = "<group>"; };
		F23BD09F2B1BF3610029B4FC /* pg_amcheck */ = {isa = PBXFileReference; lastKnownFileType = "compiled.mach-o.executable"; path = pg_amcheck; sourceTree = "<group>"; };
		F23BD0A02B1BF3610029B4FC /* dropdb */ = {isa = PBXFileReference; lastKnownFileType = "compiled.mach-o.executable"; path = dropdb; sourceTree = "<group>"; };
		F23BD0A12B1BF3610029B4FC /* psql */ = {isa = PBXFileReference; lastKnownFileType = "compiled.mach-o.executable"; path = psql; sourceTree = "<group>"; };
		F23BD0A22B1BF3610029B4FC /* pg_checksums */ = {isa = PBXFileReference; lastKnownFileType = "compiled.mach-o.executable"; path = pg_checksums; sourceTree = "<group>"; };
		F23BD0A32B1BF3610029B4FC /* clusterdb */ = {isa = PBXFileReference; lastKnownFileType = "compiled.mach-o.executable"; path = clusterdb; sourceTree = "<group>"; };
		F23BD0A42B1BF3610029B4FC /* pg_archivecleanup */ = {isa = PBXFileReference; lastKnownFileType = "compiled.mach-o.executable"; path = pg_archivecleanup; sourceTree = "<group>"; };
		F23BD0A52B1BF3610029B4FC /* dropuser */ = {isa = PBXFileReference; lastKnownFileType = "compiled.mach-o.executable"; path = dropuser; sourceTree = "<group>"; };
		F23BD0A62B1BF3610029B4FC /* pg_controldata */ = {isa = PBXFileReference; lastKnownFileType = "compiled.mach-o.executable"; path = pg_controldata; sourceTree = "<group>"; };
		F23BD0A72B1BF3610029B4FC /* pg_recvlogical */ = {isa = PBXFileReference; lastKnownFileType = "compiled.mach-o.executable"; path = pg_recvlogical; sourceTree = "<group>"; };
		F23BD0A82B1BF3610029B4FC /* pg_test_timing */ = {isa = PBXFileReference; lastKnownFileType = "compiled.mach-o.executable"; path = pg_test_timing; sourceTree = "<group>"; };
		F23BD0A92B1BF3610029B4FC /* pg_upgrade */ = {isa = PBXFileReference; lastKnownFileType = "compiled.mach-o.executable"; path = pg_upgrade; sourceTree = "<group>"; };
		F23BD0AA2B1BF3610029B4FC /* pg_ctl */ = {isa = PBXFileReference; lastKnownFileType = "compiled.mach-o.executable"; path = pg_ctl; sourceTree = "<group>"; };
		F23BD0AB2B1BF3610029B4FC /* vacuumdb */ = {isa = PBXFileReference; lastKnownFileType = "compiled.mach-o.executable"; path = vacuumdb; sourceTree = "<group>"; };
		F23BD0AC2B1BF3610029B4FC /* pgbench */ = {isa = PBXFileReference; lastKnownFileType = "compiled.mach-o.executable"; path = pgbench; sourceTree = "<group>"; };
		F23BD0AD2B1BF3610029B4FC /* pg_resetwal */ = {isa = PBXFileReference; lastKnownFileType = "compiled.mach-o.executable"; path = pg_resetwal; sourceTree = "<group>"; };
		F23BD0AE2B1BF3610029B4FC /* pg_dump */ = {isa = PBXFileReference; lastKnownFileType = "compiled.mach-o.executable"; path = pg_dump; sourceTree = "<group>"; };
		F23BD0CE2B1BF3860029B4FC /* libpq.dylib */ = {isa = PBXFileReference; lastKnownFileType = "compiled.mach-o.dylib"; name = libpq.dylib; path = ../../../../../opt/homebrew/Cellar/libpq/16.1/lib/libpq.dylib; sourceTree = "<group>"; };
		F23BD0D02B1BF39B0029B4FC /* libpq.pc */ = {isa = PBXFileReference; lastKnownFileType = text; name = libpq.pc; path = ../../../../../opt/homebrew/Cellar/libpq/16.1/lib/pkgconfig/libpq.pc; sourceTree = "<group>"; };
		F23EFF8F2B2A5C9400C2FDD5 /* Icons.swift */ = {isa = PBXFileReference; lastKnownFileType = sourcecode.swift; path = Icons.swift; sourceTree = "<group>"; };
		F26F10F22AE1B3CB0068B998 /* HandWritingDemoRegular.ttf */ = {isa = PBXFileReference; lastKnownFileType = file; path = HandWritingDemoRegular.ttf; sourceTree = "<group>"; };
		F26F10F42AE1BAB90068B998 /* Info.plist */ = {isa = PBXFileReference; lastKnownFileType = text.plist.xml; path = Info.plist; sourceTree = "<group>"; };
		F26F10F52AE1C9420068B998 /* Mardi Gras.otf */ = {isa = PBXFileReference; lastKnownFileType = file; path = "Mardi Gras.otf"; sourceTree = "<group>"; };
		F26F10F72AE1C94A0068B998 /* Sunlight.otf */ = {isa = PBXFileReference; lastKnownFileType = file; path = Sunlight.otf; sourceTree = "<group>"; };
		F26F10F92AE1CA290068B998 /* Big Movie.otf */ = {isa = PBXFileReference; lastKnownFileType = file; path = "Big Movie.otf"; sourceTree = "<group>"; };
		F26F10FA2AE1CA290068B998 /* Hedgehog.otf */ = {isa = PBXFileReference; lastKnownFileType = file; path = Hedgehog.otf; sourceTree = "<group>"; };
		F281910E2B2CCE0D00EBAE38 /* SideMenu.swift */ = {isa = PBXFileReference; lastKnownFileType = sourcecode.swift; path = SideMenu.swift; sourceTree = "<group>"; };
		F28191102B2CCF0500EBAE38 /* NavigationBar.swift */ = {isa = PBXFileReference; lastKnownFileType = sourcecode.swift; path = NavigationBar.swift; sourceTree = "<group>"; };
		F284335C2B55DF160072EBE6 /* ChangeUserData-option.swift */ = {isa = PBXFileReference; lastKnownFileType = sourcecode.swift; path = "ChangeUserData-option.swift"; sourceTree = "<group>"; };
		F2A53EC72B2B4C6600AE0C27 /* Korisnik.swift */ = {isa = PBXFileReference; lastKnownFileType = sourcecode.swift; path = Korisnik.swift; sourceTree = "<group>"; };
		F2BA0ABA2B2896AB00631DB9 /* PostRequest.swift */ = {isa = PBXFileReference; lastKnownFileType = sourcecode.swift; path = PostRequest.swift; sourceTree = "<group>"; };
		F2BD09A12AE3276F0047FB67 /* Study.swift */ = {isa = PBXFileReference; lastKnownFileType = sourcecode.swift; path = Study.swift; sourceTree = "<group>"; };
		F2BD09A32AE327820047FB67 /* Work.swift */ = {isa = PBXFileReference; lastKnownFileType = sourcecode.swift; path = Work.swift; sourceTree = "<group>"; };
		F2BD09A52AE327900047FB67 /* Workout.swift */ = {isa = PBXFileReference; lastKnownFileType = sourcecode.swift; path = Workout.swift; sourceTree = "<group>"; };
		F2BD09A72AE32A340047FB67 /* Background2.swift */ = {isa = PBXFileReference; lastKnownFileType = sourcecode.swift; path = Background2.swift; sourceTree = "<group>"; };
		F2BE50C62B55EFEC00EBE14B /* ChangeName.swift */ = {isa = PBXFileReference; lastKnownFileType = sourcecode.swift; path = ChangeName.swift; sourceTree = "<group>"; };
		F2BE50C82B55F04200EBE14B /* ChangePassword.swift */ = {isa = PBXFileReference; lastKnownFileType = sourcecode.swift; path = ChangePassword.swift; sourceTree = "<group>"; };
		F2BE50CA2B55FA4000EBE14B /* ChangeUsername.swift */ = {isa = PBXFileReference; lastKnownFileType = sourcecode.swift; path = ChangeUsername.swift; sourceTree = "<group>"; };
		F2BE50CC2B55FC6B00EBE14B /* ChangeSurname.swift */ = {isa = PBXFileReference; lastKnownFileType = sourcecode.swift; path = ChangeSurname.swift; sourceTree = "<group>"; };
		F2C1AD7E2B2E45280056F80E /* SettingsView.swift */ = {isa = PBXFileReference; lastKnownFileType = sourcecode.swift; path = SettingsView.swift; sourceTree = "<group>"; };
		F2D435952B2BBE1200335DB7 /* LobsterTwo-BoldItalic.ttf */ = {isa = PBXFileReference; lastKnownFileType = file; path = "LobsterTwo-BoldItalic.ttf"; sourceTree = "<group>"; };
		F2D435962B2BBE1200335DB7 /* LobsterTwo-Bold.ttf */ = {isa = PBXFileReference; lastKnownFileType = file; path = "LobsterTwo-Bold.ttf"; sourceTree = "<group>"; };
		F2D435972B2BBE1200335DB7 /* LobsterTwo-Regular.ttf */ = {isa = PBXFileReference; lastKnownFileType = file; path = "LobsterTwo-Regular.ttf"; sourceTree = "<group>"; };
		F2D435982B2BBE1200335DB7 /* LobsterTwo-Italic.ttf */ = {isa = PBXFileReference; lastKnownFileType = file; path = "LobsterTwo-Italic.ttf"; sourceTree = "<group>"; };
		F2D4359F2B2BC13B00335DB7 /* Katibeh-Regular.ttf */ = {isa = PBXFileReference; lastKnownFileType = file; path = "Katibeh-Regular.ttf"; sourceTree = "<group>"; };
		F2D435A12B2BC21E00335DB7 /* Nosifer-Regular.ttf */ = {isa = PBXFileReference; lastKnownFileType = file; path = "Nosifer-Regular.ttf"; sourceTree = "<group>"; };
		F2D8FAE12AE04F03006997F3 /* BeBetter.app */ = {isa = PBXFileReference; explicitFileType = wrapper.application; includeInIndex = 0; path = BeBetter.app; sourceTree = BUILT_PRODUCTS_DIR; };
		F2D8FAE42AE04F03006997F3 /* BeBetterApp.swift */ = {isa = PBXFileReference; lastKnownFileType = sourcecode.swift; path = BeBetterApp.swift; sourceTree = "<group>"; };
		F2D8FAE82AE04F05006997F3 /* Assets.xcassets */ = {isa = PBXFileReference; lastKnownFileType = folder.assetcatalog; path = Assets.xcassets; sourceTree = "<group>"; };
		F2D8FAEB2AE04F05006997F3 /* Preview Assets.xcassets */ = {isa = PBXFileReference; lastKnownFileType = folder.assetcatalog; path = "Preview Assets.xcassets"; sourceTree = "<group>"; };
		F2D8FAF22AE04F3C006997F3 /* Background.swift */ = {isa = PBXFileReference; fileEncoding = 4; lastKnownFileType = sourcecode.swift; path = Background.swift; sourceTree = "<group>"; };
		F2D8FAF32AE04F3C006997F3 /* Foreground.swift */ = {isa = PBXFileReference; fileEncoding = 4; lastKnownFileType = sourcecode.swift; path = Foreground.swift; sourceTree = "<group>"; };
		F2D8FAF62AE05069006997F3 /* Register_screen.swift */ = {isa = PBXFileReference; fileEncoding = 4; lastKnownFileType = sourcecode.swift; path = Register_screen.swift; sourceTree = "<group>"; };
		F2D8FAF82AE05586006997F3 /* MainView.swift */ = {isa = PBXFileReference; lastKnownFileType = sourcecode.swift; path = MainView.swift; sourceTree = "<group>"; };
		F2D8FB012AE06A23006997F3 /* Login.swift */ = {isa = PBXFileReference; lastKnownFileType = sourcecode.swift; path = Login.swift; sourceTree = "<group>"; };
/* End PBXFileReference section */

/* Begin PBXFrameworksBuildPhase section */
		F2D8FADE2AE04F03006997F3 /* Frameworks */ = {
			isa = PBXFrameworksBuildPhase;
			buildActionMask = 2147483647;
			files = (
			);
			runOnlyForDeploymentPostprocessing = 0;
		};
/* End PBXFrameworksBuildPhase section */

/* Begin PBXGroup section */
		2BC9DF2E2B5D563400B9446B /* Model */ = {
			isa = PBXGroup;
			children = (
				2BC9DF2F2B5D564B00B9446B /* Task.swift */,
			);
			path = Model;
			sourceTree = "<group>";
		};
		2BC9DF312B5D566F00B9446B /* Helpers */ = {
			isa = PBXGroup;
			children = (
				2BC9DF322B5D568900B9446B /* View+Extensions.swift */,
				2BC9DF342B5D56A800B9446B /* Date+Extensions.swift */,
				2B50BB822B5D6E43005D7454 /* OffsetKey.swift */,
			);
			path = Helpers;
			sourceTree = "<group>";
		};
		2BC9DF362B5D56FB00B9446B /* Views */ = {
			isa = PBXGroup;
			children = (
				2BC9DF392B5D575800B9446B /* Home.swift */,
				2B50BB842B5D78D8005D7454 /* TaskRowView.swift */,
				2B84A53F2B5D85E200FB0219 /* NewTaskView.swift */,
				2B84A5412B5D8E5900FB0219 /* TasksView.swift */,
			);
			path = Views;
			sourceTree = "<group>";
		};
		F23BD0562B1BAB080029B4FC /* Frameworks */ = {
			isa = PBXGroup;
			children = (
				F23BD0D02B1BF39B0029B4FC /* libpq.pc */,
				F23BD0CE2B1BF3860029B4FC /* libpq.dylib */,
				F23BD06F2B1BF3580029B4FC /* bin */,
				F23BD08F2B1BF3610029B4FC /* bin */,
				F23BD06D2B1BF33E0029B4FC /* psql */,
				F23BD05C2B1BAB940029B4FC /* libecpg_compat.a */,
				F23BD0592B1BAB940029B4FC /* libecpg.a */,
				F23BD0602B1BAB940029B4FC /* libpgcommon_shlib.a */,
				F23BD05D2B1BAB940029B4FC /* libpgcommon.a */,
				F23BD05F2B1BAB940029B4FC /* libpgport_shlib.a */,
				F23BD05E2B1BAB940029B4FC /* libpgport.a */,
				F23BD05A2B1BAB940029B4FC /* libpgtypes.a */,
				F23BD05B2B1BAB940029B4FC /* libpq.a */,
				F23BD0572B1BAB080029B4FC /* lib */,
			);
			name = Frameworks;
			sourceTree = "<group>";
		};
		F23BD06F2B1BF3580029B4FC /* bin */ = {
			isa = PBXGroup;
			children = (
				F23BD0702B1BF3580029B4FC /* pg_rewind */,
				F23BD0712B1BF3580029B4FC /* ecpg */,
				F23BD0722B1BF3580029B4FC /* pg_basebackup */,
				F23BD0732B1BF3580029B4FC /* pg_restore */,
				F23BD0742B1BF3580029B4FC /* pg_isready */,
				F23BD0752B1BF3580029B4FC /* createuser */,
				F23BD0762B1BF3580029B4FC /* pg_config */,
				F23BD0772B1BF3580029B4FC /* pg_dumpall */,
				F23BD0782B1BF3580029B4FC /* pg_test_fsync */,
				F23BD0792B1BF3580029B4FC /* initdb */,
				F23BD07A2B1BF3580029B4FC /* pg_waldump */,
				F23BD07B2B1BF3580029B4FC /* createdb */,
				F23BD07C2B1BF3580029B4FC /* reindexdb */,
				F23BD07D2B1BF3580029B4FC /* pg_verifybackup */,
				F23BD07E2B1BF3580029B4FC /* pg_receivewal */,
				F23BD07F2B1BF3580029B4FC /* pg_amcheck */,
				F23BD0802B1BF3580029B4FC /* dropdb */,
				F23BD0812B1BF3580029B4FC /* psql */,
				F23BD0822B1BF3580029B4FC /* pg_checksums */,
				F23BD0832B1BF3580029B4FC /* clusterdb */,
				F23BD0842B1BF3580029B4FC /* pg_archivecleanup */,
				F23BD0852B1BF3580029B4FC /* dropuser */,
				F23BD0862B1BF3580029B4FC /* pg_controldata */,
				F23BD0872B1BF3580029B4FC /* pg_recvlogical */,
				F23BD0882B1BF3580029B4FC /* pg_test_timing */,
				F23BD0892B1BF3580029B4FC /* pg_upgrade */,
				F23BD08A2B1BF3580029B4FC /* pg_ctl */,
				F23BD08B2B1BF3580029B4FC /* vacuumdb */,
				F23BD08C2B1BF3580029B4FC /* pgbench */,
				F23BD08D2B1BF3580029B4FC /* pg_resetwal */,
				F23BD08E2B1BF3580029B4FC /* pg_dump */,
			);
			name = bin;
			path = ../../../../../opt/homebrew/Cellar/libpq/16.1/bin;
			sourceTree = "<group>";
		};
		F23BD08F2B1BF3610029B4FC /* bin */ = {
			isa = PBXGroup;
			children = (
				F23BD0902B1BF3610029B4FC /* pg_rewind */,
				F23BD0912B1BF3610029B4FC /* ecpg */,
				F23BD0922B1BF3610029B4FC /* pg_basebackup */,
				F23BD0932B1BF3610029B4FC /* pg_restore */,
				F23BD0942B1BF3610029B4FC /* pg_isready */,
				F23BD0952B1BF3610029B4FC /* createuser */,
				F23BD0962B1BF3610029B4FC /* pg_config */,
				F23BD0972B1BF3610029B4FC /* pg_dumpall */,
				F23BD0982B1BF3610029B4FC /* pg_test_fsync */,
				F23BD0992B1BF3610029B4FC /* initdb */,
				F23BD09A2B1BF3610029B4FC /* pg_waldump */,
				F23BD09B2B1BF3610029B4FC /* createdb */,
				F23BD09C2B1BF3610029B4FC /* reindexdb */,
				F23BD09D2B1BF3610029B4FC /* pg_verifybackup */,
				F23BD09E2B1BF3610029B4FC /* pg_receivewal */,
				F23BD09F2B1BF3610029B4FC /* pg_amcheck */,
				F23BD0A02B1BF3610029B4FC /* dropdb */,
				F23BD0A12B1BF3610029B4FC /* psql */,
				F23BD0A22B1BF3610029B4FC /* pg_checksums */,
				F23BD0A32B1BF3610029B4FC /* clusterdb */,
				F23BD0A42B1BF3610029B4FC /* pg_archivecleanup */,
				F23BD0A52B1BF3610029B4FC /* dropuser */,
				F23BD0A62B1BF3610029B4FC /* pg_controldata */,
				F23BD0A72B1BF3610029B4FC /* pg_recvlogical */,
				F23BD0A82B1BF3610029B4FC /* pg_test_timing */,
				F23BD0A92B1BF3610029B4FC /* pg_upgrade */,
				F23BD0AA2B1BF3610029B4FC /* pg_ctl */,
				F23BD0AB2B1BF3610029B4FC /* vacuumdb */,
				F23BD0AC2B1BF3610029B4FC /* pgbench */,
				F23BD0AD2B1BF3610029B4FC /* pg_resetwal */,
				F23BD0AE2B1BF3610029B4FC /* pg_dump */,
			);
			name = bin;
			path = ../../../../../opt/homebrew/Cellar/libpq/16.1/bin;
			sourceTree = "<group>";
		};
		F284335E2B55E47A0072EBE6 /* OChangeDataOptions */ = {
			isa = PBXGroup;
			children = (
				F284335C2B55DF160072EBE6 /* ChangeUserData-option.swift */,
				F284335F2B55E4BC0072EBE6 /* ChangeUserDataViews */,
			);
			path = OChangeDataOptions;
			sourceTree = "<group>";
		};
		F284335F2B55E4BC0072EBE6 /* ChangeUserDataViews */ = {
			isa = PBXGroup;
			children = (
				F2BE50C62B55EFEC00EBE14B /* ChangeName.swift */,
				F2BE50C82B55F04200EBE14B /* ChangePassword.swift */,
				F2BE50CA2B55FA4000EBE14B /* ChangeUsername.swift */,
				F2BE50CC2B55FC6B00EBE14B /* ChangeSurname.swift */,
			);
			path = ChangeUserDataViews;
			sourceTree = "<group>";
		};
		F2A53EC62B2B4C5900AE0C27 /* Tablice */ = {
			isa = PBXGroup;
			children = (
				F2A53EC72B2B4C6600AE0C27 /* Korisnik.swift */,
			);
			path = Tablice;
			sourceTree = "<group>";
		};
		F2BA0AB92B28968700631DB9 /* URL-requests */ = {
			isa = PBXGroup;
			children = (
				F2BA0ABA2B2896AB00631DB9 /* PostRequest.swift */,
			);
			path = "URL-requests";
			sourceTree = "<group>";
		};
		F2BD09A02AE327600047FB67 /* Categories */ = {
			isa = PBXGroup;
			children = (
				F2BD09A12AE3276F0047FB67 /* Study.swift */,
				F2BD09A32AE327820047FB67 /* Work.swift */,
				F2BD09A52AE327900047FB67 /* Workout.swift */,
			);
			path = Categories;
			sourceTree = "<group>";
		};
		F2D8FAD82AE04F03006997F3 = {
			isa = PBXGroup;
			children = (
				F2D8FAE32AE04F03006997F3 /* BeBetter */,
				F2D8FAE22AE04F03006997F3 /* Products */,
				F23BD0562B1BAB080029B4FC /* Frameworks */,
			);
			sourceTree = "<group>";
		};
		F2D8FAE22AE04F03006997F3 /* Products */ = {
			isa = PBXGroup;
			children = (
				F2D8FAE12AE04F03006997F3 /* BeBetter.app */,
			);
			name = Products;
			sourceTree = "<group>";
		};
		F2D8FAE32AE04F03006997F3 /* BeBetter */ = {
			isa = PBXGroup;
			children = (
				2BC9DF362B5D56FB00B9446B /* Views */,
				2BC9DF312B5D566F00B9446B /* Helpers */,
				2BC9DF2E2B5D563400B9446B /* Model */,
				F2A53EC62B2B4C5900AE0C27 /* Tablice */,
				F2BA0AB92B28968700631DB9 /* URL-requests */,
				F2BD09A02AE327600047FB67 /* Categories */,
				F2D8FAFA2AE05B7E006997F3 /* Fonts */,
				F2D8FAE42AE04F03006997F3 /* BeBetterApp.swift */,
				2BC9DF3B2B5D579900B9446B /* Contentview.swift */,
				F23EFF8F2B2A5C9400C2FDD5 /* Icons.swift */,
				F2D8FAF82AE05586006997F3 /* MainView.swift */,
				F2D8FB012AE06A23006997F3 /* Login.swift */,
				F2D8FAF62AE05069006997F3 /* Register_screen.swift */,
				F2C1AD7E2B2E45280056F80E /* SettingsView.swift */,
				F284335E2B55E47A0072EBE6 /* OChangeDataOptions */,
				F2D8FAF22AE04F3C006997F3 /* Background.swift */,
				F2BD09A72AE32A340047FB67 /* Background2.swift */,
				F28191102B2CCF0500EBAE38 /* NavigationBar.swift */,
				F2D8FAF32AE04F3C006997F3 /* Foreground.swift */,
				2B632A842B573AAF00348CA6 /* Calendar.swift */,
				F281910E2B2CCE0D00EBAE38 /* SideMenu.swift */,
				2BEA7B202B583ED50013C43E /* ClockTry.swift */,
				2BEA7B242B5847D00013C43E /* ClockStopwatchCountdownView.swift */,
				F2D8FAE82AE04F05006997F3 /* Assets.xcassets */,
				F26F10F42AE1BAB90068B998 /* Info.plist */,
				F2D8FAEA2AE04F05006997F3 /* Preview Content */,
			);
			path = BeBetter;
			sourceTree = "<group>";
		};
		F2D8FAEA2AE04F05006997F3 /* Preview Content */ = {
			isa = PBXGroup;
			children = (
				F2D8FAEB2AE04F05006997F3 /* Preview Assets.xcassets */,
			);
			path = "Preview Content";
			sourceTree = "<group>";
		};
		F2D8FAFA2AE05B7E006997F3 /* Fonts */ = {
			isa = PBXGroup;
			children = (
				F2D435A12B2BC21E00335DB7 /* Nosifer-Regular.ttf */,
				F2D4359F2B2BC13B00335DB7 /* Katibeh-Regular.ttf */,
				F2D435962B2BBE1200335DB7 /* LobsterTwo-Bold.ttf */,
				F2D435952B2BBE1200335DB7 /* LobsterTwo-BoldItalic.ttf */,
				F2D435982B2BBE1200335DB7 /* LobsterTwo-Italic.ttf */,
				F2D435972B2BBE1200335DB7 /* LobsterTwo-Regular.ttf */,
				F26F10F92AE1CA290068B998 /* Big Movie.otf */,
				F26F10FA2AE1CA290068B998 /* Hedgehog.otf */,
				F26F10F72AE1C94A0068B998 /* Sunlight.otf */,
				F26F10F52AE1C9420068B998 /* Mardi Gras.otf */,
				F26F10F22AE1B3CB0068B998 /* HandWritingDemoRegular.ttf */,
			);
			path = Fonts;
			sourceTree = "<group>";
		};
/* End PBXGroup section */

/* Begin PBXNativeTarget section */
		F2D8FAE02AE04F03006997F3 /* BeBetter */ = {
			isa = PBXNativeTarget;
			buildConfigurationList = F2D8FAEF2AE04F05006997F3 /* Build configuration list for PBXNativeTarget "BeBetter" */;
			buildPhases = (
				F2D8FADD2AE04F03006997F3 /* Sources */,
				F2D8FADE2AE04F03006997F3 /* Frameworks */,
				F2D8FADF2AE04F03006997F3 /* Resources */,
			);
			buildRules = (
			);
			dependencies = (
			);
			name = BeBetter;
			productName = BeBetter;
			productReference = F2D8FAE12AE04F03006997F3 /* BeBetter.app */;
			productType = "com.apple.product-type.application";
		};
/* End PBXNativeTarget section */

/* Begin PBXProject section */
		F2D8FAD92AE04F03006997F3 /* Project object */ = {
			isa = PBXProject;
			attributes = {
				BuildIndependentTargetsInParallel = 1;
				LastSwiftUpdateCheck = 1500;
				LastUpgradeCheck = 1500;
				TargetAttributes = {
					F2D8FAE02AE04F03006997F3 = {
						CreatedOnToolsVersion = 15.0;
						LastSwiftMigration = 1500;
					};
				};
			};
			buildConfigurationList = F2D8FADC2AE04F03006997F3 /* Build configuration list for PBXProject "BeBetter" */;
			compatibilityVersion = "Xcode 14.0";
			developmentRegion = en;
			hasScannedForEncodings = 0;
			knownRegions = (
				en,
				Base,
			);
			mainGroup = F2D8FAD82AE04F03006997F3;
			productRefGroup = F2D8FAE22AE04F03006997F3 /* Products */;
			projectDirPath = "";
			projectRoot = "";
			targets = (
				F2D8FAE02AE04F03006997F3 /* BeBetter */,
			);
		};
/* End PBXProject section */

/* Begin PBXResourcesBuildPhase section */
		F2D8FADF2AE04F03006997F3 /* Resources */ = {
			isa = PBXResourcesBuildPhase;
			buildActionMask = 2147483647;
			files = (
				F26F10FC2AE1CA2A0068B998 /* Hedgehog.otf in Resources */,
				F26F10FB2AE1CA2A0068B998 /* Big Movie.otf in Resources */,
				F2D4359B2B2BBE1200335DB7 /* LobsterTwo-Regular.ttf in Resources */,
				F26F10F82AE1C94A0068B998 /* Sunlight.otf in Resources */,
				F2D4359A2B2BBE1200335DB7 /* LobsterTwo-Bold.ttf in Resources */,
				F2D4359C2B2BBE1200335DB7 /* LobsterTwo-Italic.ttf in Resources */,
				F2D435A02B2BC13B00335DB7 /* Katibeh-Regular.ttf in Resources */,
				F26F10F32AE1B3CB0068B998 /* HandWritingDemoRegular.ttf in Resources */,
				F2D8FAEC2AE04F05006997F3 /* Preview Assets.xcassets in Resources */,
				F2D435A22B2BC21E00335DB7 /* Nosifer-Regular.ttf in Resources */,
				F2D8FAE92AE04F05006997F3 /* Assets.xcassets in Resources */,
				F2D435992B2BBE1200335DB7 /* LobsterTwo-BoldItalic.ttf in Resources */,
				F26F10F62AE1C9420068B998 /* Mardi Gras.otf in Resources */,
			);
			runOnlyForDeploymentPostprocessing = 0;
		};
/* End PBXResourcesBuildPhase section */

/* Begin PBXSourcesBuildPhase section */
		F2D8FADD2AE04F03006997F3 /* Sources */ = {
			isa = PBXSourcesBuildPhase;
			buildActionMask = 2147483647;
			files = (
				F2BD09A22AE3276F0047FB67 /* Study.swift in Sources */,
				F2BA0ABB2B2896AB00631DB9 /* PostRequest.swift in Sources */,
				F2BE50C72B55EFEC00EBE14B /* ChangeName.swift in Sources */,
				F2A53EC82B2B4C6600AE0C27 /* Korisnik.swift in Sources */,
				2B84A5402B5D85E200FB0219 /* NewTaskView.swift in Sources */,
				F281910F2B2CCE0D00EBAE38 /* SideMenu.swift in Sources */,
				F2D8FAE52AE04F03006997F3 /* BeBetterApp.swift in Sources */,
				2B50BB832B5D6E43005D7454 /* OffsetKey.swift in Sources */,
				2BC9DF3A2B5D575800B9446B /* Home.swift in Sources */,
				F28191112B2CCF0500EBAE38 /* NavigationBar.swift in Sources */,
				F2BE50CD2B55FC6B00EBE14B /* ChangeSurname.swift in Sources */,
				F2BD09A42AE327820047FB67 /* Work.swift in Sources */,
				F2BE50C92B55F04200EBE14B /* ChangePassword.swift in Sources */,
				2B50BB852B5D78D8005D7454 /* TaskRowView.swift in Sources */,
				F2D8FB022AE06A23006997F3 /* Login.swift in Sources */,
				2BC9DF352B5D56A800B9446B /* Date+Extensions.swift in Sources */,
				2B632A852B573AAF00348CA6 /* Calendar.swift in Sources */,
				2BC9DF302B5D564B00B9446B /* Task.swift in Sources */,
				F2D8FAF52AE04F3C006997F3 /* Foreground.swift in Sources */,
				F2C1AD7F2B2E45280056F80E /* SettingsView.swift in Sources */,
				F23EFF902B2A5C9400C2FDD5 /* Icons.swift in Sources */,
				F2BE50CB2B55FA4000EBE14B /* ChangeUsername.swift in Sources */,
				F2BD09A82AE32A340047FB67 /* Background2.swift in Sources */,
				F284335D2B55DF160072EBE6 /* ChangeUserData-option.swift in Sources */,
				F2BD09A62AE327900047FB67 /* Workout.swift in Sources */,
				2B84A5422B5D8E5900FB0219 /* TasksView.swift in Sources */,
				2BEA7B252B5847D00013C43E /* ClockStopwatchCountdownView.swift in Sources */,
				2BEA7B212B583ED50013C43E /* ClockTry.swift in Sources */,
				2BC9DF332B5D568900B9446B /* View+Extensions.swift in Sources */,
				F2D8FAF72AE05069006997F3 /* Register_screen.swift in Sources */,
				2BC9DF3C2B5D579900B9446B /* Contentview.swift in Sources */,
				F2D8FAF92AE05586006997F3 /* MainView.swift in Sources */,
				F2D8FAF42AE04F3C006997F3 /* Background.swift in Sources */,
			);
			runOnlyForDeploymentPostprocessing = 0;
		};
/* End PBXSourcesBuildPhase section */

/* Begin XCBuildConfiguration section */
		F2D8FAED2AE04F05006997F3 /* Debug */ = {
			isa = XCBuildConfiguration;
			buildSettings = {
				ALWAYS_SEARCH_USER_PATHS = NO;
				ASSETCATALOG_COMPILER_GENERATE_SWIFT_ASSET_SYMBOL_EXTENSIONS = YES;
				CLANG_ANALYZER_NONNULL = YES;
				CLANG_ANALYZER_NUMBER_OBJECT_CONVERSION = YES_AGGRESSIVE;
				CLANG_CXX_LANGUAGE_STANDARD = "gnu++20";
				CLANG_ENABLE_MODULES = YES;
				CLANG_ENABLE_OBJC_ARC = YES;
				CLANG_ENABLE_OBJC_WEAK = YES;
				CLANG_WARN_BLOCK_CAPTURE_AUTORELEASING = YES;
				CLANG_WARN_BOOL_CONVERSION = YES;
				CLANG_WARN_COMMA = YES;
				CLANG_WARN_CONSTANT_CONVERSION = YES;
				CLANG_WARN_DEPRECATED_OBJC_IMPLEMENTATIONS = YES;
				CLANG_WARN_DIRECT_OBJC_ISA_USAGE = YES_ERROR;
				CLANG_WARN_DOCUMENTATION_COMMENTS = YES;
				CLANG_WARN_EMPTY_BODY = YES;
				CLANG_WARN_ENUM_CONVERSION = YES;
				CLANG_WARN_INFINITE_RECURSION = YES;
				CLANG_WARN_INT_CONVERSION = YES;
				CLANG_WARN_NON_LITERAL_NULL_CONVERSION = YES;
				CLANG_WARN_OBJC_IMPLICIT_RETAIN_SELF = YES;
				CLANG_WARN_OBJC_LITERAL_CONVERSION = YES;
				CLANG_WARN_OBJC_ROOT_CLASS = YES_ERROR;
				CLANG_WARN_QUOTED_INCLUDE_IN_FRAMEWORK_HEADER = YES;
				CLANG_WARN_RANGE_LOOP_ANALYSIS = YES;
				CLANG_WARN_STRICT_PROTOTYPES = YES;
				CLANG_WARN_SUSPICIOUS_MOVE = YES;
				CLANG_WARN_UNGUARDED_AVAILABILITY = YES_AGGRESSIVE;
				CLANG_WARN_UNREACHABLE_CODE = YES;
				CLANG_WARN__DUPLICATE_METHOD_MATCH = YES;
				COPY_PHASE_STRIP = NO;
				DEBUG_INFORMATION_FORMAT = dwarf;
				ENABLE_STRICT_OBJC_MSGSEND = YES;
				ENABLE_TESTABILITY = YES;
				ENABLE_USER_SCRIPT_SANDBOXING = YES;
				GCC_C_LANGUAGE_STANDARD = gnu17;
				GCC_DYNAMIC_NO_PIC = NO;
				GCC_NO_COMMON_BLOCKS = YES;
				GCC_OPTIMIZATION_LEVEL = 0;
				GCC_PREPROCESSOR_DEFINITIONS = (
					"DEBUG=1",
					"$(inherited)",
				);
				GCC_WARN_64_TO_32_BIT_CONVERSION = YES;
				GCC_WARN_ABOUT_RETURN_TYPE = YES_ERROR;
				GCC_WARN_UNDECLARED_SELECTOR = YES;
				GCC_WARN_UNINITIALIZED_AUTOS = YES_AGGRESSIVE;
				GCC_WARN_UNUSED_FUNCTION = YES;
				GCC_WARN_UNUSED_VARIABLE = YES;
				IPHONEOS_DEPLOYMENT_TARGET = 17.0;
				LIBRARY_SEARCH_PATHS = "";
				LOCALIZATION_PREFERS_STRING_CATALOGS = YES;
				MTL_ENABLE_DEBUG_INFO = INCLUDE_SOURCE;
				MTL_FAST_MATH = YES;
				ONLY_ACTIVE_ARCH = YES;
				SDKROOT = iphoneos;
				SWIFT_ACTIVE_COMPILATION_CONDITIONS = "DEBUG $(inherited)";
				SWIFT_OPTIMIZATION_LEVEL = "-Onone";
			};
			name = Debug;
		};
		F2D8FAEE2AE04F05006997F3 /* Release */ = {
			isa = XCBuildConfiguration;
			buildSettings = {
				ALWAYS_SEARCH_USER_PATHS = NO;
				ASSETCATALOG_COMPILER_GENERATE_SWIFT_ASSET_SYMBOL_EXTENSIONS = YES;
				CLANG_ANALYZER_NONNULL = YES;
				CLANG_ANALYZER_NUMBER_OBJECT_CONVERSION = YES_AGGRESSIVE;
				CLANG_CXX_LANGUAGE_STANDARD = "gnu++20";
				CLANG_ENABLE_MODULES = YES;
				CLANG_ENABLE_OBJC_ARC = YES;
				CLANG_ENABLE_OBJC_WEAK = YES;
				CLANG_WARN_BLOCK_CAPTURE_AUTORELEASING = YES;
				CLANG_WARN_BOOL_CONVERSION = YES;
				CLANG_WARN_COMMA = YES;
				CLANG_WARN_CONSTANT_CONVERSION = YES;
				CLANG_WARN_DEPRECATED_OBJC_IMPLEMENTATIONS = YES;
				CLANG_WARN_DIRECT_OBJC_ISA_USAGE = YES_ERROR;
				CLANG_WARN_DOCUMENTATION_COMMENTS = YES;
				CLANG_WARN_EMPTY_BODY = YES;
				CLANG_WARN_ENUM_CONVERSION = YES;
				CLANG_WARN_INFINITE_RECURSION = YES;
				CLANG_WARN_INT_CONVERSION = YES;
				CLANG_WARN_NON_LITERAL_NULL_CONVERSION = YES;
				CLANG_WARN_OBJC_IMPLICIT_RETAIN_SELF = YES;
				CLANG_WARN_OBJC_LITERAL_CONVERSION = YES;
				CLANG_WARN_OBJC_ROOT_CLASS = YES_ERROR;
				CLANG_WARN_QUOTED_INCLUDE_IN_FRAMEWORK_HEADER = YES;
				CLANG_WARN_RANGE_LOOP_ANALYSIS = YES;
				CLANG_WARN_STRICT_PROTOTYPES = YES;
				CLANG_WARN_SUSPICIOUS_MOVE = YES;
				CLANG_WARN_UNGUARDED_AVAILABILITY = YES_AGGRESSIVE;
				CLANG_WARN_UNREACHABLE_CODE = YES;
				CLANG_WARN__DUPLICATE_METHOD_MATCH = YES;
				COPY_PHASE_STRIP = NO;
				DEBUG_INFORMATION_FORMAT = "dwarf-with-dsym";
				ENABLE_NS_ASSERTIONS = NO;
				ENABLE_STRICT_OBJC_MSGSEND = YES;
				ENABLE_USER_SCRIPT_SANDBOXING = YES;
				GCC_C_LANGUAGE_STANDARD = gnu17;
				GCC_NO_COMMON_BLOCKS = YES;
				GCC_WARN_64_TO_32_BIT_CONVERSION = YES;
				GCC_WARN_ABOUT_RETURN_TYPE = YES_ERROR;
				GCC_WARN_UNDECLARED_SELECTOR = YES;
				GCC_WARN_UNINITIALIZED_AUTOS = YES_AGGRESSIVE;
				GCC_WARN_UNUSED_FUNCTION = YES;
				GCC_WARN_UNUSED_VARIABLE = YES;
				IPHONEOS_DEPLOYMENT_TARGET = 17.0;
				LIBRARY_SEARCH_PATHS = "";
				LOCALIZATION_PREFERS_STRING_CATALOGS = YES;
				MTL_ENABLE_DEBUG_INFO = NO;
				MTL_FAST_MATH = YES;
				SDKROOT = iphoneos;
				SWIFT_COMPILATION_MODE = wholemodule;
				VALIDATE_PRODUCT = YES;
			};
			name = Release;
		};
		F2D8FAF02AE04F05006997F3 /* Debug */ = {
			isa = XCBuildConfiguration;
			buildSettings = {
				ASSETCATALOG_COMPILER_APPICON_NAME = AppIcon;
				ASSETCATALOG_COMPILER_GLOBAL_ACCENT_COLOR_NAME = AccentColor;
				CLANG_ENABLE_MODULES = YES;
				CODE_SIGN_STYLE = Automatic;
				CURRENT_PROJECT_VERSION = 1;
				DEVELOPMENT_ASSET_PATHS = "BeBetter/Preview\\ Content";
				DEVELOPMENT_TEAM = JYSCR67HX3;
				ENABLE_PREVIEWS = YES;
				GENERATE_INFOPLIST_FILE = YES;
				HEADER_SEARCH_PATHS = "";
				INFOPLIST_FILE = BeBetter/Info.plist;
				INFOPLIST_KEY_UIApplicationSceneManifest_Generation = YES;
				INFOPLIST_KEY_UIApplicationSupportsIndirectInputEvents = YES;
				INFOPLIST_KEY_UILaunchScreen_Generation = YES;
				INFOPLIST_KEY_UIRequiresFullScreen = YES;
				INFOPLIST_KEY_UIStatusBarStyle = "";
				INFOPLIST_KEY_UISupportedInterfaceOrientations_iPhone = UIInterfaceOrientationPortrait;
				LD_RUNPATH_SEARCH_PATHS = (
					"$(inherited)",
					"@executable_path/Frameworks",
				);
				LIBRARY_SEARCH_PATHS = "";
				MARKETING_VERSION = 1.0;
				PRODUCT_BUNDLE_IDENTIFIER = abotica.BeBetter;
				PRODUCT_NAME = "$(TARGET_NAME)";
				SDKROOT = iphoneos;
				SWIFT_EMIT_LOC_STRINGS = YES;
				SWIFT_OPTIMIZATION_LEVEL = "-Onone";
				SWIFT_VERSION = 5.0;
				TARGETED_DEVICE_FAMILY = "1,2";
			};
			name = Debug;
		};
		F2D8FAF12AE04F05006997F3 /* Release */ = {
			isa = XCBuildConfiguration;
			buildSettings = {
				ASSETCATALOG_COMPILER_APPICON_NAME = AppIcon;
				ASSETCATALOG_COMPILER_GLOBAL_ACCENT_COLOR_NAME = AccentColor;
				CLANG_ENABLE_MODULES = YES;
				CODE_SIGN_STYLE = Automatic;
				CURRENT_PROJECT_VERSION = 1;
				DEVELOPMENT_ASSET_PATHS = "BeBetter/Preview\\ Content";
				DEVELOPMENT_TEAM = JYSCR67HX3;
				ENABLE_PREVIEWS = YES;
				GENERATE_INFOPLIST_FILE = YES;
				HEADER_SEARCH_PATHS = "";
				INFOPLIST_FILE = BeBetter/Info.plist;
				INFOPLIST_KEY_UIApplicationSceneManifest_Generation = YES;
				INFOPLIST_KEY_UIApplicationSupportsIndirectInputEvents = YES;
				INFOPLIST_KEY_UILaunchScreen_Generation = YES;
				INFOPLIST_KEY_UIRequiresFullScreen = YES;
				INFOPLIST_KEY_UIStatusBarStyle = "";
				INFOPLIST_KEY_UISupportedInterfaceOrientations_iPhone = UIInterfaceOrientationPortrait;
				LD_RUNPATH_SEARCH_PATHS = (
					"$(inherited)",
					"@executable_path/Frameworks",
				);
				LIBRARY_SEARCH_PATHS = "";
				MARKETING_VERSION = 1.0;
				PRODUCT_BUNDLE_IDENTIFIER = abotica.BeBetter;
				PRODUCT_NAME = "$(TARGET_NAME)";
				SDKROOT = iphoneos;
				SWIFT_EMIT_LOC_STRINGS = YES;
				SWIFT_VERSION = 5.0;
				TARGETED_DEVICE_FAMILY = "1,2";
			};
			name = Release;
		};
/* End XCBuildConfiguration section */

/* Begin XCConfigurationList section */
		F2D8FADC2AE04F03006997F3 /* Build configuration list for PBXProject "BeBetter" */ = {
			isa = XCConfigurationList;
			buildConfigurations = (
				F2D8FAED2AE04F05006997F3 /* Debug */,
				F2D8FAEE2AE04F05006997F3 /* Release */,
			);
			defaultConfigurationIsVisible = 0;
			defaultConfigurationName = Release;
		};
		F2D8FAEF2AE04F05006997F3 /* Build configuration list for PBXNativeTarget "BeBetter" */ = {
			isa = XCConfigurationList;
			buildConfigurations = (
				F2D8FAF02AE04F05006997F3 /* Debug */,
				F2D8FAF12AE04F05006997F3 /* Release */,
			);
			defaultConfigurationIsVisible = 0;
			defaultConfigurationName = Release;
		};
/* End XCConfigurationList section */
	};
	rootObject = F2D8FAD92AE04F03006997F3 /* Project object */;
}
